
Microsoft Visual Studio Solution File, Format Version 12.00
# Visual Studio Version 16
VisualStudioVersion = 16.0.31729.503
MinimumVisualStudioVersion = 10.0.40219.1
Project("{FAE04EC0-301F-11D3-BF4B-00C04F79EFBC}") = "sample-dotnet-application", "sample-dotnet-application\sample-dotnet-application.csproj", "{D1CEF39C-CE94-4C55-B4A1-76AB70FD2443}"
EndProject
Global
	GlobalSection(SolutionConfigurationPlatforms) = preSolution
		Debug|Any CPU = Debug|Any CPU
		Release|Any CPU = Release|Any CPU
	EndGlobalSection
	GlobalSection(ProjectConfigurationPlatforms) = postSolution
		{D1CEF39C-CE94-4C55-B4A1-76AB70FD2443}.Debug|Any CPU.ActiveCfg = Debug|Any CPU
		{D1CEF39C-CE94-4C55-B4A1-76AB70FD2443}.Debug|Any CPU.Build.0 = Debug|Any CPU
		{D1CEF39C-CE94-4C55-B4A1-76AB70FD2443}.Release|Any CPU.ActiveCfg = Release|Any CPU
		{D1CEF39C-CE94-4C55-B4A1-76AB70FD2443}.Release|Any CPU.Build.0 = Release|Any CPU
	EndGlobalSection
	GlobalSection(SolutionProperties) = preSolution
		HideSolutionNode = FALSE
	EndGlobalSection
	GlobalSection(ExtensibilityGlobals) = postSolution
		SolutionGuid = {99FF6A74-0462-479E-BCD6-95AB704C15A6}
	EndGlobalSection
EndGlobal
